
Microsoft Visual Studio Solution File, Format Version 12.00
# Visual Studio Version 17
VisualStudioVersion = 17.14.36221.1 d17.14
MinimumVisualStudioVersion = 10.0.40219.1
Project("{FAE04EC0-301F-11D3-BF4B-00C04F79EFBC}") = "CarDealershipAPI", "CarDealershipAPI\CarDealershipAPI.csproj", "{8175D517-8011-43F3-99F7-84A35403E8B6}"
EndProject
Project("{FAE04EC0-301F-11D3-BF4B-00C04F79EFBC}") = "CarDealershipDAL", "CarDealershipDAL\CarDealershipDAL.csproj", "{077DE2C6-5692-49D6-B741-F882A0E5D75C}"
EndProject
Project("{FAE04EC0-301F-11D3-BF4B-00C04F79EFBC}") = "CarDealershipBLL", "CarDealershipBLL\CarDealershipBLL.csproj", "{809EA01A-3561-430A-91F4-4DBD6CCA4C28}"
EndProject
Global
	GlobalSection(SolutionConfigurationPlatforms) = preSolution
		Debug|Any CPU = Debug|Any CPU
		Release|Any CPU = Release|Any CPU
	EndGlobalSection
	GlobalSection(ProjectConfigurationPlatforms) = postSolution
		{8175D517-8011-43F3-99F7-84A35403E8B6}.Debug|Any CPU.ActiveCfg = Debug|Any CPU
		{8175D517-8011-43F3-99F7-84A35403E8B6}.Debug|Any CPU.Build.0 = Debug|Any CPU
		{8175D517-8011-43F3-99F7-84A35403E8B6}.Release|Any CPU.ActiveCfg = Release|Any CPU
		{8175D517-8011-43F3-99F7-84A35403E8B6}.Release|Any CPU.Build.0 = Release|Any CPU
		{077DE2C6-5692-49D6-B741-F882A0E5D75C}.Debug|Any CPU.ActiveCfg = Debug|Any CPU
		{077DE2C6-5692-49D6-B741-F882A0E5D75C}.Debug|Any CPU.Build.0 = Debug|Any CPU
		{077DE2C6-5692-49D6-B741-F882A0E5D75C}.Release|Any CPU.ActiveCfg = Release|Any CPU
		{077DE2C6-5692-49D6-B741-F882A0E5D75C}.Release|Any CPU.Build.0 = Release|Any CPU
		{809EA01A-3561-430A-91F4-4DBD6CCA4C28}.Debug|Any CPU.ActiveCfg = Debug|Any CPU
		{809EA01A-3561-430A-91F4-4DBD6CCA4C28}.Debug|Any CPU.Build.0 = Debug|Any CPU
		{809EA01A-3561-430A-91F4-4DBD6CCA4C28}.Release|Any CPU.ActiveCfg = Release|Any CPU
		{809EA01A-3561-430A-91F4-4DBD6CCA4C28}.Release|Any CPU.Build.0 = Release|Any CPU
	EndGlobalSection
	GlobalSection(SolutionProperties) = preSolution
		HideSolutionNode = FALSE
	EndGlobalSection
	GlobalSection(ExtensibilityGlobals) = postSolution
		SolutionGuid = {2DE42151-BECF-44CA-A8F3-A6E14119664F}
	EndGlobalSection
EndGlobal
